
Microsoft Visual Studio Solution File, Format Version 12.00
# Visual Studio Version 17
VisualStudioVersion = 17.10.34916.146
MinimumVisualStudioVersion = 10.0.40219.1
Project("{FAE04EC0-301F-11D3-BF4B-00C04F79EFBC}") = "Hangman", "Hangman\Hangman.csproj", "{B685DDF7-A788-4864-AE7C-B67D997D49C8}"
EndProject
Global
	GlobalSection(SolutionConfigurationPlatforms) = preSolution
		Debug|Any CPU = Debug|Any CPU
		Release|Any CPU = Release|Any CPU
	EndGlobalSection
	GlobalSection(ProjectConfigurationPlatforms) = postSolution
		{B685DDF7-A788-4864-AE7C-B67D997D49C8}.Debug|Any CPU.ActiveCfg = Debug|Any CPU
		{B685DDF7-A788-4864-AE7C-B67D997D49C8}.Debug|Any CPU.Build.0 = Debug|Any CPU
		{B685DDF7-A788-4864-AE7C-B67D997D49C8}.Release|Any CPU.ActiveCfg = Release|Any CPU
		{B685DDF7-A788-4864-AE7C-B67D997D49C8}.Release|Any CPU.Build.0 = Release|Any CPU
	EndGlobalSection
	GlobalSection(SolutionProperties) = preSolution
		HideSolutionNode = FALSE
	EndGlobalSection
	GlobalSection(ExtensibilityGlobals) = postSolution
		SolutionGuid = {D6A67857-E62F-497A-ACCC-FE0D731F588D}
	EndGlobalSection
EndGlobal
